
Microsoft Visual Studio Solution File, Format Version 12.00
# Visual Studio Version 17
VisualStudioVersion = 17.7.34031.279
MinimumVisualStudioVersion = 10.0.40219.1
Project("{9A19103F-16F7-4668-BE54-9A1E7A4F7556}") = "bzMVVM", "bzMVVM\bzMVVM.csproj", "{05847C83-A3F0-4766-87A1-A00C2C78A28A}"
EndProject
Global
	GlobalSection(SolutionConfigurationPlatforms) = preSolution
		Debug|Any CPU = Debug|Any CPU
		Release|Any CPU = Release|Any CPU
	EndGlobalSection
	GlobalSection(ProjectConfigurationPlatforms) = postSolution
		{05847C83-A3F0-4766-87A1-A00C2C78A28A}.Debug|Any CPU.ActiveCfg = Debug|Any CPU
		{05847C83-A3F0-4766-87A1-A00C2C78A28A}.Debug|Any CPU.Build.0 = Debug|Any CPU
		{05847C83-A3F0-4766-87A1-A00C2C78A28A}.Release|Any CPU.ActiveCfg = Release|Any CPU
		{05847C83-A3F0-4766-87A1-A00C2C78A28A}.Release|Any CPU.Build.0 = Release|Any CPU
	EndGlobalSection
	GlobalSection(SolutionProperties) = preSolution
		HideSolutionNode = FALSE
	EndGlobalSection
	GlobalSection(ExtensibilityGlobals) = postSolution
		SolutionGuid = {5772E6B2-E2BE-4D83-A738-5FF56151D3C9}
	EndGlobalSection
EndGlobal
